{
  "lockfileVersion": 2,
  "configVersion": 1,
  "workspaces": {
    "": {
      "name": "sirube",
      "dependencies": {
        "@tauri-apps/api": "^2.11.1",
        "@tauri-apps/plugin-dialog": "^2.7.2",
        "@tauri-apps/plugin-fs": "^2.5.1",
        "js-yaml": "^4.1.0",
        "zod": "^4",
      },
      "devDependencies": {
        "@happy-dom/global-registrator": "^20.12.0",
        "@tauri-apps/cli": "^2.11.4",
        "@types/bun": "latest",
        "@types/js-yaml": "^4.0.9",
      },
      "peerDependencies": {
        "typescript": "^5",
      },
    },
  },
  "packages": {
    "@happy-dom/global-registrator": ["@happy-dom/global-registrator@20.12.0", "", { "dependencies": { "@types/node": ">=20.0.0", "happy-dom": "^20.12.0" } }, "sha512-BUE55Rew3oMwBzwCwmUnV+Oxk51V3xolM39Ts6kGiBXNELjujiESwk9qc99JRr6cVrj3OTd9MJ5zQ2fpn+jy6g=="],

    "@tauri-apps/api": ["@tauri-apps/api@2.11.1", "", {}, "sha512-M2FPuYND2m+wh5hfW9ZpSdxMPdEJovPBWwoHJmwUpysTYNHaOkVFN419m/K0LIgjb/7KU2vBgsUepJWugQCvAA=="],

    "@tauri-apps/cli": ["@tauri-apps/cli@2.11.4", "", { "optionalDependencies": { "@tauri-apps/cli-darwin-arm64": "2.11.4", "@tauri-apps/cli-darwin-x64": "2.11.4", "@tauri-apps/cli-linux-arm-gnueabihf": "2.11.4", "@tauri-apps/cli-linux-arm64-gnu": "2.11.4", "@tauri-apps/cli-linux-arm64-musl": "2.11.4", "@tauri-apps/cli-linux-riscv64-gnu": "2.11.4", "@tauri-apps/cli-linux-x64-gnu": "2.11.4", "@tauri-apps/cli-linux-x64-musl": "2.11.4", "@tauri-apps/cli-win32-arm64-msvc": "2.11.4", "@tauri-apps/cli-win32-ia32-msvc": "2.11.4", "@tauri-apps/cli-win32-x64-msvc": "2.11.4" }, "bin": { "tauri": "tauri.js" } }, "sha512-R8xGtMpwyetawSqm9kYOuMmEqkhUbvcUy8n0aNXIxollKBLESUu5f4Fx+64hgASYm1H+jSWq6jCW6zqTnH6hqQ=="],

    "@tauri-apps/cli-darwin-arm64": ["@tauri-apps/cli-darwin-arm64@2.11.4", "", { "os": "darwin", "cpu": "arm64" }, "sha512-1ryOF3ZhpZ/nemHV5zVwBQBz9jDGKmKPvWPADOhc83ig0P4bMc2iER4NbC6r9sjeIZ6RVQ4g3RZIYvezhcl4TQ=="],

    "@tauri-apps/cli-darwin-x64": ["@tauri-apps/cli-darwin-x64@2.11.4", "", { "os": "darwin", "cpu": "x64" }, "sha512-uFsGQAAfuyz1k/yGLmkWfkBlgKAqZfxqlHmLWx81QU27RJWfmbNHCIq8T8w1e+VClleIuZUjpHWfoE4E3DLo3A=="],

    "@tauri-apps/cli-linux-arm-gnueabihf": ["@tauri-apps/cli-linux-arm-gnueabihf@2.11.4", "", { "os": "linux", "cpu": "arm" }, "sha512-IaHZn5CdBL21oUmjiVOS1ctw6Ip1O0pjp70FwOWmYz1myWe0SY96ZIj2FYf7pT0m8bI2h/hrs5ZbEXXh44/MkQ=="],

    "@tauri-apps/cli-linux-arm64-gnu": ["@tauri-apps/cli-linux-arm64-gnu@2.11.4", "", { "os": "linux", "cpu": "arm64" }, "sha512-N41/ukTRVe6XSuUTESuFdGeOW2i7k62tK+6gHK5Kd5/q5RPvvi19GaWAVPPb9u95HSGmTChSolBfzynUsssFaA=="],

    "@tauri-apps/cli-linux-arm64-musl": ["@tauri-apps/cli-linux-arm64-musl@2.11.4", "", { "os": "linux", "cpu": "arm64" }, "sha512-v277UnT/fB64xAfSroL5N3Km3tLmvATWqJJw/wRI+g6o+HkeD0slyE7gOhNs1MbjE41R7bQOTxMVoL3aomUJmw=="],

    "@tauri-apps/cli-linux-riscv64-gnu": ["@tauri-apps/cli-linux-riscv64-gnu@2.11.4", "", { "os": "linux", "cpu": "none" }, "sha512-qqgNkQ2u1yZHxjhxsZaxUtRDW8dIqIYm33rx/mzwQv0SfY9x1B+iraj8vWeFiXjjSVVhEMepXSOts1TqPzvXNQ=="],

    "@tauri-apps/cli-linux-x64-gnu": ["@tauri-apps/cli-linux-x64-gnu@2.11.4", "", { "os": "linux", "cpu": "x64" }, "sha512-2VRNWl84FOH0m2giiDkO2h0QXlcMJeX+zJDpI5kDIQAx6s+geF3v48F4DXfJez4GS/FdoDGnPnw1C2iYGbQ7bQ=="],

    "@tauri-apps/cli-linux-x64-musl": ["@tauri-apps/cli-linux-x64-musl@2.11.4", "", { "os": "linux", "cpu": "x64" }, "sha512-o9GyhYor/nc7xarmwDE3ka2szuW3uuZzXjHWh64Q8YX5AtSgxdQkFWzrY4O8KiGtVNvFBI14H3Q49Qj5TOIP/A=="],

    "@tauri-apps/cli-win32-arm64-msvc": ["@tauri-apps/cli-win32-arm64-msvc@2.11.4", "", { "os": "win32", "cpu": "arm64" }, "sha512-ld5Ehb598m0VkYyylRPNeCFsBe/km0jxis6KgMpl3IGY6I/i1RwQXO05I1AsXUXO2WC6AvB/Lw4qTf/asiuEiQ=="],

    "@tauri-apps/cli-win32-ia32-msvc": ["@tauri-apps/cli-win32-ia32-msvc@2.11.4", "", { "os": "win32", "cpu": "ia32" }, "sha512-12Hxi0XX/H5VFxO/bGgHkFWhml9VMgEOu9CidjeCeTNQ1l6fpUlbiGgSP7CLI3PFtW9/FfbeHieZ+kyWK5H7CA=="],

    "@tauri-apps/cli-win32-x64-msvc": ["@tauri-apps/cli-win32-x64-msvc@2.11.4", "", { "os": "win32", "cpu": "x64" }, "sha512-+vDiqBIU5dMISg/wNvX3sF+ZHfgJGJ5T0AcO+EHNXV9GGAG+P5fzodlDXD3QdKCRgZxMoCm5PPvj3BqLNjBthw=="],

    "@tauri-apps/plugin-dialog": ["@tauri-apps/plugin-dialog@2.7.2", "", { "dependencies": { "@tauri-apps/api": "^2.11.0" } }, "sha512-pX0IGm1I3I6wc+zeKYcq1GSqogK6okCNX5fOdaNU5ab1AjGS6l1E5wFNjEb7meg7ZFSp0JUs+0jQGQNyOvLrsg=="],

    "@tauri-apps/plugin-fs": ["@tauri-apps/plugin-fs@2.5.1", "", { "dependencies": { "@tauri-apps/api": "^2.11.0" } }, "sha512-9Lz+Jopp6QyeEWhlpkMx4R/+P9HgR+AVAI4vOZhlT8Xaymtz8iVI/Ov984/XTqgJz/5gz5NretqPB/XEMS3NhQ=="],

    "@types/bun": ["@types/bun@1.4.0", "", { "dependencies": { "bun-types": "1.4.0" } }, "sha512-K+lZULY23vRgK/CfTjFIV+tyifaNdSMlPh9j+6mQ/cLfpOznLyAuzgV/JQysyECpkBQLVMSyvjlr2fBUSA9wFQ=="],

    "@types/js-yaml": ["@types/js-yaml@4.0.9", "", {}, "sha512-k4MGaQl5TGo/iipqb2UDG2UwjXziSWkh0uysQelTlJpX1qGlpUZYm8PnO4DxG1qBomtJUdYJ6qR6xdIah10JLg=="],

    "@types/node": ["@types/node@26.4.0", "", { "dependencies": { "undici-types": "~8.3.0" } }, "sha512-faiGnoIrLH/V8cibOMEAZ8pMw6oXqSukl29ra4mN8GdaB2ZewzeaLj+INpV5N+Z1eKWzY+IzaIZH2EIR6YZRNQ=="],

    "@types/whatwg-mimetype": ["@types/whatwg-mimetype@3.0.2", "", {}, "sha512-c2AKvDT8ToxLIOUlN51gTiHXflsfIFisS4pO7pDPoKouJCESkhZnEy623gwP9laCy5lnLDAw1vAzu2vM2YLOrA=="],

    "@types/ws": ["@types/ws@8.18.1", "", { "dependencies": { "@types/node": "*" } }, "sha512-ThVF6DCVhA8kUGy+aazFQ4kXQ7E1Ty7A3ypFOe0IcJV8O/M511G99AW24irKrW56Wt44yG9+ij8FaqoBGkuBXg=="],

    "argparse": ["argparse@2.0.1", "", {}, "sha512-8+9WqebbFzpX9OR+Wa6O29asIogeRMzcGtAINdpMHHyAg10f05aSFVBbcEqGf/PXw1EjAZ+q2/bEBg3DvurK3Q=="],

    "buffer-image-size": ["buffer-image-size@0.6.4", "", { "dependencies": { "@types/node": "*" } }, "sha512-nEh+kZOPY1w+gcCMobZ6ETUp9WfibndnosbpwB1iJk/8Gt5ZF2bhS6+B6bPYz424KtwsR6Rflc3tCz1/ghX2dQ=="],

    "bun-types": ["bun-types@1.4.0", "", { "dependencies": { "@types/node": "*" } }, "sha512-iIKw23BspnQQYd3prITOBxeUsxBHnwzX6YJfGMuNOZzeNcMmVqzIIVGRm1l69ogaPQmb4wB6BN8mA5bE9YuC5Q=="],

    "entities": ["entities@7.0.1", "", {}, "sha512-TWrgLOFUQTH994YUyl1yT4uyavY5nNB5muff+RtWaqNVCAK408b5ZnnbNAUEWLTCpum9w6arT70i1XdQ4UeOPA=="],

    "happy-dom": ["happy-dom@20.12.0", "", { "dependencies": { "@types/node": ">=20.0.0", "@types/whatwg-mimetype": "^3.0.2", "@types/ws": "^8.18.1", "buffer-image-size": "^0.6.4", "entities": "^7.0.1", "whatwg-mimetype": "^3.0.0", "ws": "^8.21.0" } }, "sha512-7uMYJu2SEwwL8vVcKp0C0lnt6d2LSGGe+T+oY79PiCJNNSgFpbxW8n5KuzpDQvrU4mt+fYiK1+Jy7Z2v39YR6g=="],

    "js-yaml": ["js-yaml@4.3.2", "", { "dependencies": { "argparse": "^2.0.1" }, "bin": { "js-yaml": "bin/js-yaml.js" } }, "sha512-SFNOvSJ+Dgf/9An904Yx+CgSlIPCkIpao4qo51lpee25TIRejdH3rhR4EZMGoNx3/TP3O+wzWuiTFl4sqbltzA=="],

    "typescript": ["typescript@5.9.3", "", { "bin": { "tsc": "bin/tsc", "tsserver": "bin/tsserver" } }, "sha512-jl1vZzPDinLr9eUt3J/t7V6FgNEw9QjvBPdysz9KfQDD41fQrC2Y4vKQdiaUpFT4bXlb1RHhLpp8wtm6M5TgSw=="],

    "undici-types": ["undici-types@8.3.0", "", {}, "sha512-j375ScV60dom+YkPFIfTLcOiPxkN/buHz5GobjLhixFuANaNs3C9l4GmrWqejgXWJ7BbJcFYpTEUkS1Ge8bpZQ=="],

    "whatwg-mimetype": ["whatwg-mimetype@3.0.0", "", {}, "sha512-nt+N2dzIutVRxARx1nghPKGv1xHikU7HKdfafKkLNLindmPU/ch3U31NOCGGA/dmPcmb1VlofO0vnKAcsm0o/Q=="],

    "ws": ["ws@8.21.3", "", { "peerDependencies": { "bufferutil": "^4.0.1", "utf-8-validate": ">=5.0.2" }, "optionalPeers": ["bufferutil", "utf-8-validate"] }, "sha512-201TZ/kPWxoPr/OKWjquZR1SWKXcvxdH+e1xrx89b3YbmzLMFCLfnaG1HFIgWzJOEWZ7MvpK++odZufgYR50Rw=="],

    "zod": ["zod@4.5.4", "", {}, "sha512-sC95tT5iHHH9gtpj6A81kh+NEaRAUFN+qlUPDUbRfOMvNf5QCBqsb3WgvnpVtK5Y+4UfA6KqufotuTvMGiTlsA=="],
  }
}
