{
  "lockfileVersion": 2,
  "configVersion": 1,
  "workspaces": {
    "": {
      "name": "sirube",
      "dependencies": {
        "@tauri-apps/api": "^2.11.1",
        "@tauri-apps/plugin-dialog": "^2.7.2",
        "@tauri-apps/plugin-fs": "^2.5.1",
        "@tauri-apps/plugin-opener": "~2.5",
        "js-yaml": "^4.1.0",
        "zod": "^4",
      },
      "devDependencies": {
        "@happy-dom/global-registrator": "^20.12.0",
        "@tauri-apps/cli": "^2.12.0",
        "@types/bun": "latest",
        "@types/js-yaml": "^4.0.9",
      },
      "peerDependencies": {
        "typescript": "^5",
      },
    },
  },
  "packages": {
    "@happy-dom/global-registrator": ["@happy-dom/global-registrator@20.12.0", "", { "dependencies": { "@types/node": ">=20.0.0", "happy-dom": "^20.12.0" } }, "sha512-BUE55Rew3oMwBzwCwmUnV+Oxk51V3xolM39Ts6kGiBXNELjujiESwk9qc99JRr6cVrj3OTd9MJ5zQ2fpn+jy6g=="],

    "@tauri-apps/api": ["@tauri-apps/api@2.11.1", "", {}, "sha512-M2FPuYND2m+wh5hfW9ZpSdxMPdEJovPBWwoHJmwUpysTYNHaOkVFN419m/K0LIgjb/7KU2vBgsUepJWugQCvAA=="],

    "@tauri-apps/cli": ["@tauri-apps/cli@2.12.0", "", { "optionalDependencies": { "@tauri-apps/cli-darwin-arm64": "2.12.0", "@tauri-apps/cli-darwin-x64": "2.12.0", "@tauri-apps/cli-linux-arm-gnueabihf": "2.12.0", "@tauri-apps/cli-linux-arm64-gnu": "2.12.0", "@tauri-apps/cli-linux-arm64-musl": "2.12.0", "@tauri-apps/cli-linux-riscv64-gnu": "2.12.0", "@tauri-apps/cli-linux-x64-gnu": "2.12.0", "@tauri-apps/cli-linux-x64-musl": "2.12.0", "@tauri-apps/cli-win32-arm64-msvc": "2.12.0", "@tauri-apps/cli-win32-ia32-msvc": "2.12.0", "@tauri-apps/cli-win32-x64-msvc": "2.12.0" }, "bin": { "tauri": "tauri.js" } }, "sha512-GIShnAR4C16kSTA8NO02fo8fOw/I5z5sAUEB5S2HlPHFnBkbihL4c9a/MpkxOm1+q5S+tFd3X4QUjHWxfyGzpQ=="],

    "@tauri-apps/cli-darwin-arm64": ["@tauri-apps/cli-darwin-arm64@2.12.0", "", { "os": "darwin", "cpu": "arm64" }, "sha512-v5J+jISihLGtih1+3yWagbsL+5dbLZORu4vaSI0vhY0Heb+MAW+T/1s1RyKxrQrwEPGBG5kqwfDDTnSbmVkuqA=="],

    "@tauri-apps/cli-darwin-x64": ["@tauri-apps/cli-darwin-x64@2.12.0", "", { "os": "darwin", "cpu": "x64" }, "sha512-g27I07pfW/dMS8vcNqB9lamgKF0TqLlcy8e7t9qDGsB1iaeyjJWb2TgBF4tM9ZwLqPAZUXbsz28oXljO12WC4g=="],

    "@tauri-apps/cli-linux-arm-gnueabihf": ["@tauri-apps/cli-linux-arm-gnueabihf@2.12.0", "", { "os": "linux", "cpu": "arm" }, "sha512-gXyQ710fNc99YuxFxNyeX9PLSrIpbtgBBj7GQo9tSeRT6fIK40q3/gm7X5jqZo7mWLR2m0R/2ALd3vAWo0Z32Q=="],

    "@tauri-apps/cli-linux-arm64-gnu": ["@tauri-apps/cli-linux-arm64-gnu@2.12.0", "", { "os": "linux", "cpu": "arm64" }, "sha512-H9cyXuq9WgxoHh2NZ+R+oN+W78x5UwaBDEp0/fmqUUkaBoioCuOZErM9xKiIV6bpNAhmw1RoWZ49u37q/vaiAg=="],

    "@tauri-apps/cli-linux-arm64-musl": ["@tauri-apps/cli-linux-arm64-musl@2.12.0", "", { "os": "linux", "cpu": "arm64" }, "sha512-5tFuk3JKMBa1M/iN4gN32OYlSfhY3aqb5PO3zCugxaT+sfecyMKpc3EM9VDbhmwWBE9QD4Tfj7wGhlqx2yy2pQ=="],

    "@tauri-apps/cli-linux-riscv64-gnu": ["@tauri-apps/cli-linux-riscv64-gnu@2.12.0", "", { "os": "linux", "cpu": "none" }, "sha512-LOrMyV+nb7pKq8P0BZtTBQuyzm1ORjn16R9MlupmxuT5LqxtuYJlw3VMwbaeXCToJ8jbP5u9JnkfmbqDlvETXw=="],

    "@tauri-apps/cli-linux-x64-gnu": ["@tauri-apps/cli-linux-x64-gnu@2.12.0", "", { "os": "linux", "cpu": "x64" }, "sha512-aMIkI+X9qvD2+k80QZB3tuOYT41/cEheikC510CwAIZ31KLXORsRASYYzM4mi1/58ICmtzSLFhCC08keir7COw=="],

    "@tauri-apps/cli-linux-x64-musl": ["@tauri-apps/cli-linux-x64-musl@2.12.0", "", { "os": "linux", "cpu": "x64" }, "sha512-9gl3NhUbfuGhSKjeGCypKSdtoezOQRcDUrkhTWtLQEjnajets6peO6NadgI2DF0OzbiiFOzrnnIGMwBS+Ap6Iw=="],

    "@tauri-apps/cli-win32-arm64-msvc": ["@tauri-apps/cli-win32-arm64-msvc@2.12.0", "", { "os": "win32", "cpu": "arm64" }, "sha512-1W+v86wsYLuyBDN0iDessD4CD9o+yNyO0m8Dp3+/vfjiZrJ/v7R7/aTRBeikaq2tLGgxeag0gxnFggBNBGw91A=="],

    "@tauri-apps/cli-win32-ia32-msvc": ["@tauri-apps/cli-win32-ia32-msvc@2.12.0", "", { "os": "win32", "cpu": "ia32" }, "sha512-SsBjvq4f7YaBGqcWoE3cycoItPf0SrQeqFqWWgfxoeZWAIz01E31LDSeZ2p/etJiIY0R9oi045chkFfb0O7WGw=="],

    "@tauri-apps/cli-win32-x64-msvc": ["@tauri-apps/cli-win32-x64-msvc@2.12.0", "", { "os": "win32", "cpu": "x64" }, "sha512-9zzDKYUH4TKKBgRdDdVQX8fiRO5gJ8hD1nGsHU9DOHG5Jpm3arjbu9Xg1frR20EusG3Sl8X0dppoO/4EoUXUGg=="],

    "@tauri-apps/plugin-dialog": ["@tauri-apps/plugin-dialog@2.7.2", "", { "dependencies": { "@tauri-apps/api": "^2.11.0" } }, "sha512-pX0IGm1I3I6wc+zeKYcq1GSqogK6okCNX5fOdaNU5ab1AjGS6l1E5wFNjEb7meg7ZFSp0JUs+0jQGQNyOvLrsg=="],

    "@tauri-apps/plugin-fs": ["@tauri-apps/plugin-fs@2.5.1", "", { "dependencies": { "@tauri-apps/api": "^2.11.0" } }, "sha512-9Lz+Jopp6QyeEWhlpkMx4R/+P9HgR+AVAI4vOZhlT8Xaymtz8iVI/Ov984/XTqgJz/5gz5NretqPB/XEMS3NhQ=="],

    "@tauri-apps/plugin-opener": ["@tauri-apps/plugin-opener@2.5.5", "", { "dependencies": { "@tauri-apps/api": "^2.11.0" } }, "sha512-xvzGai5aQds8j8R8RsUK/lW6pGG50YgOYIPLzvkqmkwAj7dfySOD7sGtejRzvVdMmv1EQfKVEFh1MvmDp8QR0g=="],

    "@types/bun": ["@types/bun@1.4.0", "", { "dependencies": { "bun-types": "1.4.0" } }, "sha512-K+lZULY23vRgK/CfTjFIV+tyifaNdSMlPh9j+6mQ/cLfpOznLyAuzgV/JQysyECpkBQLVMSyvjlr2fBUSA9wFQ=="],

    "@types/js-yaml": ["@types/js-yaml@4.0.9", "", {}, "sha512-k4MGaQl5TGo/iipqb2UDG2UwjXziSWkh0uysQelTlJpX1qGlpUZYm8PnO4DxG1qBomtJUdYJ6qR6xdIah10JLg=="],

    "@types/node": ["@types/node@26.4.0", "", { "dependencies": { "undici-types": "~8.3.0" } }, "sha512-faiGnoIrLH/V8cibOMEAZ8pMw6oXqSukl29ra4mN8GdaB2ZewzeaLj+INpV5N+Z1eKWzY+IzaIZH2EIR6YZRNQ=="],

    "@types/whatwg-mimetype": ["@types/whatwg-mimetype@3.0.2", "", {}, "sha512-c2AKvDT8ToxLIOUlN51gTiHXflsfIFisS4pO7pDPoKouJCESkhZnEy623gwP9laCy5lnLDAw1vAzu2vM2YLOrA=="],

    "@types/ws": ["@types/ws@8.18.1", "", { "dependencies": { "@types/node": "*" } }, "sha512-ThVF6DCVhA8kUGy+aazFQ4kXQ7E1Ty7A3ypFOe0IcJV8O/M511G99AW24irKrW56Wt44yG9+ij8FaqoBGkuBXg=="],

    "argparse": ["argparse@2.0.1", "", {}, "sha512-8+9WqebbFzpX9OR+Wa6O29asIogeRMzcGtAINdpMHHyAg10f05aSFVBbcEqGf/PXw1EjAZ+q2/bEBg3DvurK3Q=="],

    "buffer-image-size": ["buffer-image-size@0.6.4", "", { "dependencies": { "@types/node": "*" } }, "sha512-nEh+kZOPY1w+gcCMobZ6ETUp9WfibndnosbpwB1iJk/8Gt5ZF2bhS6+B6bPYz424KtwsR6Rflc3tCz1/ghX2dQ=="],

    "bun-types": ["bun-types@1.4.0", "", { "dependencies": { "@types/node": "*" } }, "sha512-iIKw23BspnQQYd3prITOBxeUsxBHnwzX6YJfGMuNOZzeNcMmVqzIIVGRm1l69ogaPQmb4wB6BN8mA5bE9YuC5Q=="],

    "entities": ["entities@7.0.1", "", {}, "sha512-TWrgLOFUQTH994YUyl1yT4uyavY5nNB5muff+RtWaqNVCAK408b5ZnnbNAUEWLTCpum9w6arT70i1XdQ4UeOPA=="],

    "happy-dom": ["happy-dom@20.12.0", "", { "dependencies": { "@types/node": ">=20.0.0", "@types/whatwg-mimetype": "^3.0.2", "@types/ws": "^8.18.1", "buffer-image-size": "^0.6.4", "entities": "^7.0.1", "whatwg-mimetype": "^3.0.0", "ws": "^8.21.0" } }, "sha512-7uMYJu2SEwwL8vVcKp0C0lnt6d2LSGGe+T+oY79PiCJNNSgFpbxW8n5KuzpDQvrU4mt+fYiK1+Jy7Z2v39YR6g=="],

    "js-yaml": ["js-yaml@4.3.2", "", { "dependencies": { "argparse": "^2.0.1" }, "bin": { "js-yaml": "bin/js-yaml.js" } }, "sha512-SFNOvSJ+Dgf/9An904Yx+CgSlIPCkIpao4qo51lpee25TIRejdH3rhR4EZMGoNx3/TP3O+wzWuiTFl4sqbltzA=="],

    "typescript": ["typescript@5.9.3", "", { "bin": { "tsc": "bin/tsc", "tsserver": "bin/tsserver" } }, "sha512-jl1vZzPDinLr9eUt3J/t7V6FgNEw9QjvBPdysz9KfQDD41fQrC2Y4vKQdiaUpFT4bXlb1RHhLpp8wtm6M5TgSw=="],

    "undici-types": ["undici-types@8.3.0", "", {}, "sha512-j375ScV60dom+YkPFIfTLcOiPxkN/buHz5GobjLhixFuANaNs3C9l4GmrWqejgXWJ7BbJcFYpTEUkS1Ge8bpZQ=="],

    "whatwg-mimetype": ["whatwg-mimetype@3.0.0", "", {}, "sha512-nt+N2dzIutVRxARx1nghPKGv1xHikU7HKdfafKkLNLindmPU/ch3U31NOCGGA/dmPcmb1VlofO0vnKAcsm0o/Q=="],

    "ws": ["ws@8.21.3", "", { "peerDependencies": { "bufferutil": "^4.0.1", "utf-8-validate": ">=5.0.2" }, "optionalPeers": ["bufferutil", "utf-8-validate"] }, "sha512-201TZ/kPWxoPr/OKWjquZR1SWKXcvxdH+e1xrx89b3YbmzLMFCLfnaG1HFIgWzJOEWZ7MvpK++odZufgYR50Rw=="],

    "zod": ["zod@4.5.4", "", {}, "sha512-sC95tT5iHHH9gtpj6A81kh+NEaRAUFN+qlUPDUbRfOMvNf5QCBqsb3WgvnpVtK5Y+4UfA6KqufotuTvMGiTlsA=="],

    "@tauri-apps/plugin-opener/@tauri-apps/api": ["@tauri-apps/api@2.12.1", "", {}, "sha512-DeyFHa3wynpyoqTDikDEDGTJIq4LQ5USfolQGRmGIWT6JMADyxZBTDa5cAdT3tDg73rUXufPaCwN7aXBos4OnQ=="],
  }
}
